
Microsoft Visual Studio Solution File, Format Version 12.00
# Visual Studio Version 16
VisualStudioVersion = 16.0.31424.327
MinimumVisualStudioVersion = 10.0.40219.1
Project("{FAE04EC0-301F-11D3-BF4B-00C04F79EFBC}") = "corewebapitest", "corewebapitest.csproj", "{842D4858-3CAD-4E4D-AB0F-109A0150DF9F}"
EndProject
Global
	GlobalSection(SolutionConfigurationPlatforms) = preSolution
		Debug|Any CPU = Debug|Any CPU
		Release|Any CPU = Release|Any CPU
	EndGlobalSection
	GlobalSection(ProjectConfigurationPlatforms) = postSolution
		{842D4858-3CAD-4E4D-AB0F-109A0150DF9F}.Debug|Any CPU.ActiveCfg = Debug|Any CPU
		{842D4858-3CAD-4E4D-AB0F-109A0150DF9F}.Debug|Any CPU.Build.0 = Debug|Any CPU
		{842D4858-3CAD-4E4D-AB0F-109A0150DF9F}.Release|Any CPU.ActiveCfg = Release|Any CPU
		{842D4858-3CAD-4E4D-AB0F-109A0150DF9F}.Release|Any CPU.Build.0 = Release|Any CPU
	EndGlobalSection
	GlobalSection(SolutionProperties) = preSolution
		HideSolutionNode = FALSE
	EndGlobalSection
	GlobalSection(ExtensibilityGlobals) = postSolution
		SolutionGuid = {BC0B42A9-E753-45FA-9FAF-F377E3FBD3E7}
	EndGlobalSection
EndGlobal
